
Microsoft Visual Studio Solution File, Format Version 12.00
# Visual Studio Version 17
VisualStudioVersion = 17.10.35122.118
MinimumVisualStudioVersion = 10.0.40219.1
Project("{FAE04EC0-301F-11D3-BF4B-00C04F79EFBC}") = "BIPASS", "BIPASS.csproj", "{F993E0AF-DB44-4E28-9924-435471A30457}"
EndProject
Project("{FAE04EC0-301F-11D3-BF4B-00C04F79EFBC}") = "Domain", "..\Domain\Domain.csproj", "{DBDA1938-346B-4AE7-AC93-205A40BC2A09}"
EndProject
Project("{FAE04EC0-301F-11D3-BF4B-00C04F79EFBC}") = "Application", "..\Application\Application.csproj", "{655C9A3B-AE33-48F8-9C1E-1CE991EAD62B}"
EndProject
Project("{FAE04EC0-301F-11D3-BF4B-00C04F79EFBC}") = "Infraestructure", "..\Infraestructure\Infraestructure.csproj", "{116EA530-5C4D-42DD-9A9B-6C1E2E28BE54}"
EndProject
Global
	GlobalSection(SolutionConfigurationPlatforms) = preSolution
		Debug|Any CPU = Debug|Any CPU
		Release|Any CPU = Release|Any CPU
	EndGlobalSection
	GlobalSection(ProjectConfigurationPlatforms) = postSolution
		{F993E0AF-DB44-4E28-9924-435471A30457}.Debug|Any CPU.ActiveCfg = Debug|Any CPU
		{F993E0AF-DB44-4E28-9924-435471A30457}.Debug|Any CPU.Build.0 = Debug|Any CPU
		{F993E0AF-DB44-4E28-9924-435471A30457}.Release|Any CPU.ActiveCfg = Release|Any CPU
		{F993E0AF-DB44-4E28-9924-435471A30457}.Release|Any CPU.Build.0 = Release|Any CPU
		{DBDA1938-346B-4AE7-AC93-205A40BC2A09}.Debug|Any CPU.ActiveCfg = Debug|Any CPU
		{DBDA1938-346B-4AE7-AC93-205A40BC2A09}.Debug|Any CPU.Build.0 = Debug|Any CPU
		{DBDA1938-346B-4AE7-AC93-205A40BC2A09}.Release|Any CPU.ActiveCfg = Release|Any CPU
		{DBDA1938-346B-4AE7-AC93-205A40BC2A09}.Release|Any CPU.Build.0 = Release|Any CPU
		{655C9A3B-AE33-48F8-9C1E-1CE991EAD62B}.Debug|Any CPU.ActiveCfg = Debug|Any CPU
		{655C9A3B-AE33-48F8-9C1E-1CE991EAD62B}.Debug|Any CPU.Build.0 = Debug|Any CPU
		{655C9A3B-AE33-48F8-9C1E-1CE991EAD62B}.Release|Any CPU.ActiveCfg = Release|Any CPU
		{655C9A3B-AE33-48F8-9C1E-1CE991EAD62B}.Release|Any CPU.Build.0 = Release|Any CPU
		{116EA530-5C4D-42DD-9A9B-6C1E2E28BE54}.Debug|Any CPU.ActiveCfg = Debug|Any CPU
		{116EA530-5C4D-42DD-9A9B-6C1E2E28BE54}.Debug|Any CPU.Build.0 = Debug|Any CPU
		{116EA530-5C4D-42DD-9A9B-6C1E2E28BE54}.Release|Any CPU.ActiveCfg = Release|Any CPU
		{116EA530-5C4D-42DD-9A9B-6C1E2E28BE54}.Release|Any CPU.Build.0 = Release|Any CPU
	EndGlobalSection
	GlobalSection(SolutionProperties) = preSolution
		HideSolutionNode = FALSE
	EndGlobalSection
	GlobalSection(ExtensibilityGlobals) = postSolution
		SolutionGuid = {355920E4-1E92-41C0-8EC9-D65C06AD6DE2}
	EndGlobalSection
EndGlobal
